github.com/lynxai-team/emo v0.0.0-20260102000151-bd606f39cc08 h1:/tw/okk9azyQAiKvzePnMRIXD3YfnGFKhLnaKvTIq4g=
github.com/lynxai-team/emo v0.0.0-20260102000151-bd606f39cc08/go.mod h1:3vKhMxicGf/cyniNeX6jRfcxUKcdY6Ls2h9kocc1Qzk=
github.com/acmacalister/skittles v0.0.0-20160609003031-7423546701e1 h1:RKnVV4C7qoN/sToLX2y1dqH7T6kKLMHcwRJlgwb9Ggk=
github.com/acmacalister/skittles v0.0.0-20160609003031-7423546701e1/go.mod h1:gI5CyA/CEnS6eqNV22rqs4dG3aGfaSbXgPORIlwr2r0=
github.com/klauspost/compress v1.18.2 h1:iiPHWW0YrcFgpBYhsA6D1+fqHssJscY/Tm/y2Uqnapk=
github.com/klauspost/compress v1.18.2/go.mod h1:R0h/fSBs8DE4ENlcrlib3PsXS61voFxhIs2DeRhCvJ4=
github.com/klauspost/compress v1.18.2 h1:iiPHWW0YrcFgpBYhsA6D1+fqHssJscY/Tm/y2Uqnapk=
github.com/klauspost/compress v1.18.2/go.mod h1:R0h/fSBs8DE4ENlcrlib3PsXS61voFxhIs2DeRhCvJ4=
github.com/mtraver/base91 v1.0.0 h1:vkIW96Xbw7QH1fbSV5VwXqv+xVuWWZji4O4ty8yYk28=
github.com/mtraver/base91 v1.0.0/go.mod h1:Igwspit339nKvBhXGqrNOaNI8qGvh+Y4P76q5g4qH2Y=
golang.org/x/crypto v0.46.0 h1:cKRW/pmt1pKAfetfu+RCEvjvZkA9RimPbh7bhFjGVBU=
golang.org/x/crypto v0.46.0/go.mod h1:Evb/oLKmMraqjZ2iQTwDwvCtJkczlDuTmdJXoZVzqU0=
golang.org/x/sys v0.39.0 h1:CvCKL8MeisomCi6qNZ+wbb0DN9E5AATixKsvNtMoMFk=
golang.org/x/sys v0.39.0/go.mod h1:OgkHotnGiDImocRcuBABYBEXf8A9a87e/uXjp9XT3ks=
